
Microsoft Visual Studio Solution File, Format Version 12.00
# Visual Studio Version 16
VisualStudioVersion = 16.0.31205.134
MinimumVisualStudioVersion = 10.0.40219.1
Project("{FAE04EC0-301F-11D3-BF4B-00C04F79EFBC}") = "v0617", "v0617\v0617.csproj", "{23397187-BC7A-4CC3-B11E-AEB291125E29}"
EndProject
Global
	GlobalSection(SolutionConfigurationPlatforms) = preSolution
		Debug|Any CPU = Debug|Any CPU
		Release|Any CPU = Release|Any CPU
	EndGlobalSection
	GlobalSection(ProjectConfigurationPlatforms) = postSolution
		{23397187-BC7A-4CC3-B11E-AEB291125E29}.Debug|Any CPU.ActiveCfg = Debug|Any CPU
		{23397187-BC7A-4CC3-B11E-AEB291125E29}.Debug|Any CPU.Build.0 = Debug|Any CPU
		{23397187-BC7A-4CC3-B11E-AEB291125E29}.Release|Any CPU.ActiveCfg = Release|Any CPU
		{23397187-BC7A-4CC3-B11E-AEB291125E29}.Release|Any CPU.Build.0 = Release|Any CPU
	EndGlobalSection
	GlobalSection(SolutionProperties) = preSolution
		HideSolutionNode = FALSE
	EndGlobalSection
	GlobalSection(ExtensibilityGlobals) = postSolution
		SolutionGuid = {EE90DEE0-90E4-4C85-9D99-6B1178760EC9}
	EndGlobalSection
EndGlobal
